Microsoft Visual Studio Solution File, Format Version 12.00
# Visual Studio Version 17
VisualStudioVersion = 17.14.36623.8
MinimumVisualStudioVersion = 10.0.40219.1
Project("{9A19103F-16F7-4668-BE54-9A1E7A4F7556}") = "digihealth.Domain", "src\digihealth.Domain\digihealth.Domain.csproj", "{554AD327-6DBA-4F8F-96F8-81CE7A0C863F}"
EndProject
Project("{9A19103F-16F7-4668-BE54-9A1E7A4F7556}") = "digihealth.Application", "src\digihealth.Application\digihealth.Application.csproj", "{1A94A50E-06DC-43C1-80B5-B662820EC3EB}"
EndProject
Project("{9A19103F-16F7-4668-BE54-9A1E7A4F7556}") = "digihealth.EntityFrameworkCore", "src\digihealth.EntityFrameworkCore\digihealth.EntityFrameworkCore.csproj", "{C956DD76-69C8-4A9C-83EA-D17DF83340FD}"
EndProject
Project("{2150E333-8FDC-42A3-9474-1A3956D46DE8}") = "src", "src", "{CA9AC87F-097E-4F15-8393-4BC07735A5B0}"
EndProject
Project("{2150E333-8FDC-42A3-9474-1A3956D46DE8}") = "services", "services", "{99F03E5A-B27C-4ED7-98EB-9772C425A74F}"
EndProject
Project("{2150E333-8FDC-42A3-9474-1A3956D46DE8}") = "identity", "identity", "{0A9F4A21-2D3F-4E63-9E34-5880D5E0E2AC}"
EndProject
Project("{2150E333-8FDC-42A3-9474-1A3956D46DE8}") = "patient", "patient", "{C1DFBC79-F82F-436B-A1CC-A64A84DE4DC2}"
EndProject
Project("{2150E333-8FDC-42A3-9474-1A3956D46DE8}") = "configuration", "configuration", "{3A755193-C3AF-4F4D-8039-AC38ACE40E32}"
EndProject
Project("{9A19103F-16F7-4668-BE54-9A1E7A4F7556}") = "IdentityService.Domain.Shared", "src\services\identity\IdentityService.Domain.Shared\IdentityService.Domain.Shared.csproj", "{A5090F7D-1F91-4486-A896-2B5C7DC7866D}"
EndProject
Project("{9A19103F-16F7-4668-BE54-9A1E7A4F7556}") = "IdentityService.Domain", "src\services\identity\IdentityService.Domain\IdentityService.Domain.csproj", "{9B14208F-AF28-4A63-9CB8-73EF1C1530AE}"
EndProject
Project("{9A19103F-16F7-4668-BE54-9A1E7A4F7556}") = "IdentityService.Application.Contracts", "src\services\identity\IdentityService.Application.Contracts\IdentityService.Application.Contracts.csproj", "{177DD739-7019-4F32-822B-6F1A4F216181}"
EndProject
Project("{9A19103F-16F7-4668-BE54-9A1E7A4F7556}") = "IdentityService.Application", "src\services\identity\IdentityService.Application\IdentityService.Application.csproj", "{D4F2E7E0-3C54-4C39-8A2B-66A7AA5B7F1D}"
EndProject
Project("{9A19103F-16F7-4668-BE54-9A1E7A4F7556}") = "IdentityService.EntityFrameworkCore", "src\services\identity\IdentityService.EntityFrameworkCore\IdentityService.EntityFrameworkCore.csproj", "{A2A058B5-1890-4C86-B9C6-166ABAEBC720}"
EndProject
Project("{9A19103F-16F7-4668-BE54-9A1E7A4F7556}") = "IdentityService.HttpApi", "src\services\identity\IdentityService.HttpApi\IdentityService.HttpApi.csproj", "{E86B4541-0F80-4C4D-84D4-2E9D2C8D9851}"
EndProject
Project("{9A19103F-16F7-4668-BE54-9A1E7A4F7556}") = "IdentityService.HttpApi.Host", "src\services\identity\IdentityService.HttpApi.Host\IdentityService.HttpApi.Host.csproj", "{283F8E87-0E6D-4E79-944A-90B3743EA39D}"
EndProject
Project("{9A19103F-16F7-4668-BE54-9A1E7A4F7556}") = "PatientService.Domain.Shared", "src\services\patient\PatientService.Domain.Shared\PatientService.Domain.Shared.csproj", "{B83E358F-BB0B-4A79-BE37-492E03457FCA}"
EndProject
Project("{9A19103F-16F7-4668-BE54-9A1E7A4F7556}") = "PatientService.Domain", "src\services\patient\PatientService.Domain\PatientService.Domain.csproj", "{5EC98AD1-E416-4F6D-80DE-C67DFC7B7BF8}"
EndProject
Project("{9A19103F-16F7-4668-BE54-9A1E7A4F7556}") = "PatientService.Application.Contracts", "src\services\patient\PatientService.Application.Contracts\PatientService.Application.Contracts.csproj", "{D06AC79B-8D4A-49E7-863E-051AD9B3B335}"
EndProject
Project("{9A19103F-16F7-4668-BE54-9A1E7A4F7556}") = "PatientService.Application", "src\services\patient\PatientService.Application\PatientService.Application.csproj", "{941CADD0-C607-4AE1-8912-73AE5B40CF4F}"
EndProject
Project("{9A19103F-16F7-4668-BE54-9A1E7A4F7556}") = "PatientService.EntityFrameworkCore", "src\services\patient\PatientService.EntityFrameworkCore\PatientService.EntityFrameworkCore.csproj", "{E4E2C28D-AC3C-4B22-8BEF-2683EE4FE5D7}"
EndProject
Project("{9A19103F-16F7-4668-BE54-9A1E7A4F7556}") = "PatientService.HttpApi", "src\services\patient\PatientService.HttpApi\PatientService.HttpApi.csproj", "{03D29A10-51F4-4925-8D60-822C19313497}"
EndProject
Project("{9A19103F-16F7-4668-BE54-9A1E7A4F7556}") = "PatientService.HttpApi.Host", "src\services\patient\PatientService.HttpApi.Host\PatientService.HttpApi.Host.csproj", "{01F88080-1E38-49B7-932B-1FD96C1F0522}"
EndProject
Project("{9A19103F-16F7-4668-BE54-9A1E7A4F7556}") = "ConfigurationService.Domain.Shared", "src\services\configuration\ConfigurationService.Domain.Shared\ConfigurationService.Domain.Shared.csproj", "{BD1CB822-651B-4249-BEC9-8809048B5044}"
EndProject
Project("{9A19103F-16F7-4668-BE54-9A1E7A4F7556}") = "ConfigurationService.Domain", "src\services\configuration\ConfigurationService.Domain\ConfigurationService.Domain.csproj", "{23E04889-2FC1-4DC0-BD6D-BB7BCF9F1458}"
EndProject
Project("{9A19103F-16F7-4668-BE54-9A1E7A4F7556}") = "ConfigurationService.Application.Contracts", "src\services\configuration\ConfigurationService.Application.Contracts\ConfigurationService.Application.Contracts.csproj", "{E30BDB6F-26C7-4CD8-9C88-240FCA63E27B}"
EndProject
Project("{9A19103F-16F7-4668-BE54-9A1E7A4F7556}") = "ConfigurationService.Application", "src\services\configuration\ConfigurationService.Application\ConfigurationService.Application.csproj", "{FE8FA361-68AC-4883-AF72-2BC1B30C7034}"
EndProject
Project("{9A19103F-16F7-4668-BE54-9A1E7A4F7556}") = "ConfigurationService.EntityFrameworkCore", "src\services\configuration\ConfigurationService.EntityFrameworkCore\ConfigurationService.EntityFrameworkCore.csproj", "{4866E20D-3D75-45D2-AFC6-AE66E07F45E8}"
EndProject
Project("{9A19103F-16F7-4668-BE54-9A1E7A4F7556}") = "ConfigurationService.HttpApi", "src\services\configuration\ConfigurationService.HttpApi\ConfigurationService.HttpApi.csproj", "{BD71A194-5E9E-4AA4-8299-F6AC86E26790}"
EndProject
Project("{9A19103F-16F7-4668-BE54-9A1E7A4F7556}") = "ConfigurationService.HttpApi.Host", "src\services\configuration\ConfigurationService.HttpApi.Host\ConfigurationService.HttpApi.Host.csproj", "{A25D5EA0-F642-47D5-9A78-9C54A2776BE5}"
EndProject
Project("{2150E333-8FDC-42A3-9474-1A3956D46DE8}") = "test", "test", "{04DBDB01-70F4-4E06-B468-8F87850B22BE}"
EndProject
Project("{9A19103F-16F7-4668-BE54-9A1E7A4F7556}") = "digihealth.Application.Tests", "test\digihealth.Application.Tests\digihealth.Application.Tests.csproj", "{50B2631D-129C-47B3-A587-029CCD6099BC}"
EndProject
Project("{9A19103F-16F7-4668-BE54-9A1E7A4F7556}") = "digihealth.Domain.Shared", "src\digihealth.Domain.Shared\digihealth.Domain.Shared.csproj", "{42F719ED-8413-4895-B5B4-5AB56079BC66}"
EndProject
Project("{9A19103F-16F7-4668-BE54-9A1E7A4F7556}") = "digihealth.Application.Contracts", "src\digihealth.Application.Contracts\digihealth.Application.Contracts.csproj", "{520659C8-C734-4298-A3DA-B539DB9DFC0B}"
EndProject
Project("{9A19103F-16F7-4668-BE54-9A1E7A4F7556}") = "digihealth.HttpApi", "src\digihealth.HttpApi\digihealth.HttpApi.csproj", "{4164BDF7-F527-4E85-9CE6-E3C2D7426A27}"
EndProject
Project("{9A19103F-16F7-4668-BE54-9A1E7A4F7556}") = "digihealth.HttpApi.Client", "src\digihealth.HttpApi.Client\digihealth.HttpApi.Client.csproj", "{3B5A0094-670D-4BB1-BFDD-61B88A8773DC}"
EndProject
Project("{9A19103F-16F7-4668-BE54-9A1E7A4F7556}") = "digihealth.EntityFrameworkCore.Tests", "test\digihealth.EntityFrameworkCore.Tests\digihealth.EntityFrameworkCore.Tests.csproj", "{1FE30EB9-74A9-47F5-A9F6-7B1FAB672D81}"
EndProject
Project("{9A19103F-16F7-4668-BE54-9A1E7A4F7556}") = "digihealth.TestBase", "test\digihealth.TestBase\digihealth.TestBase.csproj", "{91853F21-9CD9-4132-BC29-A7D5D84FFFE7}"
EndProject
Project("{9A19103F-16F7-4668-BE54-9A1E7A4F7556}") = "digihealth.Domain.Tests", "test\digihealth.Domain.Tests\digihealth.Domain.Tests.csproj", "{E512F4D9-9375-480F-A2F6-A46509F9D824}"
EndProject
Project("{9A19103F-16F7-4668-BE54-9A1E7A4F7556}") = "digihealth.HttpApi.Client.ConsoleTestApp", "test\digihealth.HttpApi.Client.ConsoleTestApp\digihealth.HttpApi.Client.ConsoleTestApp.csproj", "{EF480016-9127-4916-8735-D2466BDBC582}"
EndProject
Project("{9A19103F-16F7-4668-BE54-9A1E7A4F7556}") = "digihealth.DbMigrator", "src\digihealth.DbMigrator\digihealth.DbMigrator.csproj", "{AA94D832-1CCC-4715-95A9-A483F23A1A5D}"
EndProject
Project("{9A19103F-16F7-4668-BE54-9A1E7A4F7556}") = "digihealth.HttpApi.Host", "src\digihealth.HttpApi.Host\digihealth.HttpApi.Host.csproj", "{748584B1-BA69-4F6A-81AA-F4BDE6BCE29D}"
EndProject
Project("{9A19103F-16F7-4668-BE54-9A1E7A4F7556}") = "digihealth.Blazor", "src\digihealth.Blazor\digihealth.Blazor.csproj", "{27B2DDC7-8B75-4322-A312-25419C15D9D8}"
EndProject
Project("{FAE04EC0-301F-11D3-BF4B-00C04F79EFBC}") = "digihealth.Blazor.Client", "src\digihealth.Blazor.Client\digihealth.Blazor.Client.csproj", "{188A64AD-A1A7-4F95-85D1-C935594611B7}"
EndProject
Project("{2150E333-8FDC-42A3-9474-1A3956D46DE8}") = "database", "database", "{02EA681E-C7D8-13C7-8484-4AC65E1B71E8}"
EndProject
Project("{2150E333-8FDC-42A3-9474-1A3956D46DE8}") = "postgresql", "postgresql", "{9EBDC66A-1E75-4D8A-B317-F0A545254DD1}"
EndProject
Project("{2150E333-8FDC-42A3-9474-1A3956D46DE8}") = "Mermaid", "Mermaid", "{0F2C3C0C-AF68-4639-A834-0B1EF720E66C}"
EndProject
Project("{2150E333-8FDC-42A3-9474-1A3956D46DE8}") = "v1", "v1", "{7AC09D49-5D2F-49AC-A904-7365C2126008}"
	ProjectSection(SolutionItems) = preProject
		database\Mermaid\v1\schema.mmd = database\Mermaid\v1\schema.mmd
		database\Mermaid\v1\schema.png = database\Mermaid\v1\schema.png
		database\Mermaid\v1\schema.svg = database\Mermaid\v1\schema.svg
	EndProjectSection
EndProject
Project("{2150E333-8FDC-42A3-9474-1A3956D46DE8}") = "v1", "v1", "{14F9F121-5E99-4B52-8581-42CCA3084D1D}"
	ProjectSection(SolutionItems) = preProject
		database\postgresql\v1\digihealth-16112025.sql = database\postgresql\v1\digihealth-16112025.sql
		database\postgresql\v1\PostgreSQL Initial Database - Sample data.sql = database\postgresql\v1\PostgreSQL Initial Database - Sample data.sql
		database\postgresql\v1\PostgreSQL Initial Database Setup script.sql = database\postgresql\v1\PostgreSQL Initial Database Setup script.sql
	EndProjectSection
EndProject
Project("{2150E333-8FDC-42A3-9474-1A3956D46DE8}") = "v2", "v2", "{A7F7D28B-28E1-4A73-AA44-72C8004A9F46}"
	ProjectSection(SolutionItems) = preProject
		database\postgresql\v2\digihealthv2-18112025.sql = database\postgresql\v2\digihealthv2-18112025.sql
		database\postgresql\v2\PostgreSQL v2 Database-Sample data.sql = database\postgresql\v2\PostgreSQL v2 Database-Sample data.sql
		database\postgresql\v2\PostgreSQL v2 Database.sql = database\postgresql\v2\PostgreSQL v2 Database.sql
	EndProjectSection
EndProject
Project("{2150E333-8FDC-42A3-9474-1A3956D46DE8}") = "v2", "v2", "{493CCB57-F776-452E-8E9D-478CC7589661}"
	ProjectSection(SolutionItems) = preProject
		database\Mermaid\v2\schema-v2.mmd = database\Mermaid\v2\schema-v2.mmd
		database\Mermaid\v2\schema.mmd = database\Mermaid\v2\schema.mmd
	EndProjectSection
EndProject
Project("{2150E333-8FDC-42A3-9474-1A3956D46DE8}") = "v3", "v3", "{40DDB3E5-4D28-4C32-ADED-0BB8E22638C9}"
	ProjectSection(SolutionItems) = preProject
		C:\Users\user\Downloads\digihealth-SQL-v4-OnlyData.sql = C:\Users\user\Downloads\digihealth-SQL-v4-OnlyData.sql
		C:\Users\user\Downloads\digihealth-SQL-v4-OnlySchema.sql = C:\Users\user\Downloads\digihealth-SQL-v4-OnlySchema.sql
		C:\Users\user\Downloads\digihealth-SQL-v4.sql = C:\Users\user\Downloads\digihealth-SQL-v4.sql
	EndProjectSection
EndProject
Global
	GlobalSection(SolutionConfigurationPlatforms) = preSolution
		Debug|Any CPU = Debug|Any CPU
		Release|Any CPU = Release|Any CPU
	EndGlobalSection
	GlobalSection(ProjectConfigurationPlatforms) = postSolution
		{554AD327-6DBA-4F8F-96F8-81CE7A0C863F}.Debug|Any CPU.ActiveCfg = Debug|Any CPU
		{554AD327-6DBA-4F8F-96F8-81CE7A0C863F}.Debug|Any CPU.Build.0 = Debug|Any CPU
		{554AD327-6DBA-4F8F-96F8-81CE7A0C863F}.Release|Any CPU.ActiveCfg = Release|Any CPU
		{554AD327-6DBA-4F8F-96F8-81CE7A0C863F}.Release|Any CPU.Build.0 = Release|Any CPU
		{1A94A50E-06DC-43C1-80B5-B662820EC3EB}.Debug|Any CPU.ActiveCfg = Debug|Any CPU
		{1A94A50E-06DC-43C1-80B5-B662820EC3EB}.Debug|Any CPU.Build.0 = Debug|Any CPU
		{1A94A50E-06DC-43C1-80B5-B662820EC3EB}.Release|Any CPU.ActiveCfg = Release|Any CPU
		{1A94A50E-06DC-43C1-80B5-B662820EC3EB}.Release|Any CPU.Build.0 = Release|Any CPU
		{C956DD76-69C8-4A9C-83EA-D17DF83340FD}.Debug|Any CPU.ActiveCfg = Debug|Any CPU
		{C956DD76-69C8-4A9C-83EA-D17DF83340FD}.Debug|Any CPU.Build.0 = Debug|Any CPU
		{C956DD76-69C8-4A9C-83EA-D17DF83340FD}.Release|Any CPU.ActiveCfg = Release|Any CPU
		{C956DD76-69C8-4A9C-83EA-D17DF83340FD}.Release|Any CPU.Build.0 = Release|Any CPU
		{A5090F7D-1F91-4486-A896-2B5C7DC7866D}.Debug|Any CPU.ActiveCfg = Debug|Any CPU
		{A5090F7D-1F91-4486-A896-2B5C7DC7866D}.Debug|Any CPU.Build.0 = Debug|Any CPU
		{A5090F7D-1F91-4486-A896-2B5C7DC7866D}.Release|Any CPU.ActiveCfg = Release|Any CPU
		{A5090F7D-1F91-4486-A896-2B5C7DC7866D}.Release|Any CPU.Build.0 = Release|Any CPU
		{9B14208F-AF28-4A63-9CB8-73EF1C1530AE}.Debug|Any CPU.ActiveCfg = Debug|Any CPU
		{9B14208F-AF28-4A63-9CB8-73EF1C1530AE}.Debug|Any CPU.Build.0 = Debug|Any CPU
		{9B14208F-AF28-4A63-9CB8-73EF1C1530AE}.Release|Any CPU.ActiveCfg = Release|Any CPU
		{9B14208F-AF28-4A63-9CB8-73EF1C1530AE}.Release|Any CPU.Build.0 = Release|Any CPU
		{177DD739-7019-4F32-822B-6F1A4F216181}.Debug|Any CPU.ActiveCfg = Debug|Any CPU
		{177DD739-7019-4F32-822B-6F1A4F216181}.Debug|Any CPU.Build.0 = Debug|Any CPU
		{177DD739-7019-4F32-822B-6F1A4F216181}.Release|Any CPU.ActiveCfg = Release|Any CPU
		{177DD739-7019-4F32-822B-6F1A4F216181}.Release|Any CPU.Build.0 = Release|Any CPU
		{D4F2E7E0-3C54-4C39-8A2B-66A7AA5B7F1D}.Debug|Any CPU.ActiveCfg = Debug|Any CPU
		{D4F2E7E0-3C54-4C39-8A2B-66A7AA5B7F1D}.Debug|Any CPU.Build.0 = Debug|Any CPU
		{D4F2E7E0-3C54-4C39-8A2B-66A7AA5B7F1D}.Release|Any CPU.ActiveCfg = Release|Any CPU
		{D4F2E7E0-3C54-4C39-8A2B-66A7AA5B7F1D}.Release|Any CPU.Build.0 = Release|Any CPU
		{A2A058B5-1890-4C86-B9C6-166ABAEBC720}.Debug|Any CPU.ActiveCfg = Debug|Any CPU
		{A2A058B5-1890-4C86-B9C6-166ABAEBC720}.Debug|Any CPU.Build.0 = Debug|Any CPU
		{A2A058B5-1890-4C86-B9C6-166ABAEBC720}.Release|Any CPU.ActiveCfg = Release|Any CPU
		{A2A058B5-1890-4C86-B9C6-166ABAEBC720}.Release|Any CPU.Build.0 = Release|Any CPU
		{E86B4541-0F80-4C4D-84D4-2E9D2C8D9851}.Debug|Any CPU.ActiveCfg = Debug|Any CPU
		{E86B4541-0F80-4C4D-84D4-2E9D2C8D9851}.Debug|Any CPU.Build.0 = Debug|Any CPU
		{E86B4541-0F80-4C4D-84D4-2E9D2C8D9851}.Release|Any CPU.ActiveCfg = Release|Any CPU
		{E86B4541-0F80-4C4D-84D4-2E9D2C8D9851}.Release|Any CPU.Build.0 = Release|Any CPU
		{283F8E87-0E6D-4E79-944A-90B3743EA39D}.Debug|Any CPU.ActiveCfg = Debug|Any CPU
		{283F8E87-0E6D-4E79-944A-90B3743EA39D}.Debug|Any CPU.Build.0 = Debug|Any CPU
		{283F8E87-0E6D-4E79-944A-90B3743EA39D}.Release|Any CPU.ActiveCfg = Release|Any CPU
		{283F8E87-0E6D-4E79-944A-90B3743EA39D}.Release|Any CPU.Build.0 = Release|Any CPU
		{B83E358F-BB0B-4A79-BE37-492E03457FCA}.Debug|Any CPU.ActiveCfg = Debug|Any CPU
		{B83E358F-BB0B-4A79-BE37-492E03457FCA}.Debug|Any CPU.Build.0 = Debug|Any CPU
		{B83E358F-BB0B-4A79-BE37-492E03457FCA}.Release|Any CPU.ActiveCfg = Release|Any CPU
		{B83E358F-BB0B-4A79-BE37-492E03457FCA}.Release|Any CPU.Build.0 = Release|Any CPU
		{5EC98AD1-E416-4F6D-80DE-C67DFC7B7BF8}.Debug|Any CPU.ActiveCfg = Debug|Any CPU
		{5EC98AD1-E416-4F6D-80DE-C67DFC7B7BF8}.Debug|Any CPU.Build.0 = Debug|Any CPU
		{5EC98AD1-E416-4F6D-80DE-C67DFC7B7BF8}.Release|Any CPU.ActiveCfg = Release|Any CPU
		{5EC98AD1-E416-4F6D-80DE-C67DFC7B7BF8}.Release|Any CPU.Build.0 = Release|Any CPU
		{D06AC79B-8D4A-49E7-863E-051AD9B3B335}.Debug|Any CPU.ActiveCfg = Debug|Any CPU
		{D06AC79B-8D4A-49E7-863E-051AD9B3B335}.Debug|Any CPU.Build.0 = Debug|Any CPU
		{D06AC79B-8D4A-49E7-863E-051AD9B3B335}.Release|Any CPU.ActiveCfg = Release|Any CPU
		{D06AC79B-8D4A-49E7-863E-051AD9B3B335}.Release|Any CPU.Build.0 = Release|Any CPU
		{941CADD0-C607-4AE1-8912-73AE5B40CF4F}.Debug|Any CPU.ActiveCfg = Debug|Any CPU
		{941CADD0-C607-4AE1-8912-73AE5B40CF4F}.Debug|Any CPU.Build.0 = Debug|Any CPU
		{941CADD0-C607-4AE1-8912-73AE5B40CF4F}.Release|Any CPU.ActiveCfg = Release|Any CPU
		{941CADD0-C607-4AE1-8912-73AE5B40CF4F}.Release|Any CPU.Build.0 = Release|Any CPU
		{E4E2C28D-AC3C-4B22-8BEF-2683EE4FE5D7}.Debug|Any CPU.ActiveCfg = Debug|Any CPU
		{E4E2C28D-AC3C-4B22-8BEF-2683EE4FE5D7}.Debug|Any CPU.Build.0 = Debug|Any CPU
		{E4E2C28D-AC3C-4B22-8BEF-2683EE4FE5D7}.Release|Any CPU.ActiveCfg = Release|Any CPU
		{E4E2C28D-AC3C-4B22-8BEF-2683EE4FE5D7}.Release|Any CPU.Build.0 = Release|Any CPU
		{03D29A10-51F4-4925-8D60-822C19313497}.Debug|Any CPU.ActiveCfg = Debug|Any CPU
		{03D29A10-51F4-4925-8D60-822C19313497}.Debug|Any CPU.Build.0 = Debug|Any CPU
		{03D29A10-51F4-4925-8D60-822C19313497}.Release|Any CPU.ActiveCfg = Release|Any CPU
		{03D29A10-51F4-4925-8D60-822C19313497}.Release|Any CPU.Build.0 = Release|Any CPU
		{01F88080-1E38-49B7-932B-1FD96C1F0522}.Debug|Any CPU.ActiveCfg = Debug|Any CPU
		{01F88080-1E38-49B7-932B-1FD96C1F0522}.Debug|Any CPU.Build.0 = Debug|Any CPU
		{01F88080-1E38-49B7-932B-1FD96C1F0522}.Release|Any CPU.ActiveCfg = Release|Any CPU
		{01F88080-1E38-49B7-932B-1FD96C1F0522}.Release|Any CPU.Build.0 = Release|Any CPU
		{BD1CB822-651B-4249-BEC9-8809048B5044}.Debug|Any CPU.ActiveCfg = Debug|Any CPU
		{BD1CB822-651B-4249-BEC9-8809048B5044}.Debug|Any CPU.Build.0 = Debug|Any CPU
		{BD1CB822-651B-4249-BEC9-8809048B5044}.Release|Any CPU.ActiveCfg = Release|Any CPU
		{BD1CB822-651B-4249-BEC9-8809048B5044}.Release|Any CPU.Build.0 = Release|Any CPU
		{23E04889-2FC1-4DC0-BD6D-BB7BCF9F1458}.Debug|Any CPU.ActiveCfg = Debug|Any CPU
		{23E04889-2FC1-4DC0-BD6D-BB7BCF9F1458}.Debug|Any CPU.Build.0 = Debug|Any CPU
		{23E04889-2FC1-4DC0-BD6D-BB7BCF9F1458}.Release|Any CPU.ActiveCfg = Release|Any CPU
		{23E04889-2FC1-4DC0-BD6D-BB7BCF9F1458}.Release|Any CPU.Build.0 = Release|Any CPU
		{E30BDB6F-26C7-4CD8-9C88-240FCA63E27B}.Debug|Any CPU.ActiveCfg = Debug|Any CPU
		{E30BDB6F-26C7-4CD8-9C88-240FCA63E27B}.Debug|Any CPU.Build.0 = Debug|Any CPU
		{E30BDB6F-26C7-4CD8-9C88-240FCA63E27B}.Release|Any CPU.ActiveCfg = Release|Any CPU
		{E30BDB6F-26C7-4CD8-9C88-240FCA63E27B}.Release|Any CPU.Build.0 = Release|Any CPU
		{FE8FA361-68AC-4883-AF72-2BC1B30C7034}.Debug|Any CPU.ActiveCfg = Debug|Any CPU
		{FE8FA361-68AC-4883-AF72-2BC1B30C7034}.Debug|Any CPU.Build.0 = Debug|Any CPU
		{FE8FA361-68AC-4883-AF72-2BC1B30C7034}.Release|Any CPU.ActiveCfg = Release|Any CPU
		{FE8FA361-68AC-4883-AF72-2BC1B30C7034}.Release|Any CPU.Build.0 = Release|Any CPU
		{4866E20D-3D75-45D2-AFC6-AE66E07F45E8}.Debug|Any CPU.ActiveCfg = Debug|Any CPU
		{4866E20D-3D75-45D2-AFC6-AE66E07F45E8}.Debug|Any CPU.Build.0 = Debug|Any CPU
		{4866E20D-3D75-45D2-AFC6-AE66E07F45E8}.Release|Any CPU.ActiveCfg = Release|Any CPU
		{4866E20D-3D75-45D2-AFC6-AE66E07F45E8}.Release|Any CPU.Build.0 = Release|Any CPU
		{BD71A194-5E9E-4AA4-8299-F6AC86E26790}.Debug|Any CPU.ActiveCfg = Debug|Any CPU
		{BD71A194-5E9E-4AA4-8299-F6AC86E26790}.Debug|Any CPU.Build.0 = Debug|Any CPU
		{BD71A194-5E9E-4AA4-8299-F6AC86E26790}.Release|Any CPU.ActiveCfg = Release|Any CPU
		{BD71A194-5E9E-4AA4-8299-F6AC86E26790}.Release|Any CPU.Build.0 = Release|Any CPU
		{A25D5EA0-F642-47D5-9A78-9C54A2776BE5}.Debug|Any CPU.ActiveCfg = Debug|Any CPU
		{A25D5EA0-F642-47D5-9A78-9C54A2776BE5}.Debug|Any CPU.Build.0 = Debug|Any CPU
		{A25D5EA0-F642-47D5-9A78-9C54A2776BE5}.Release|Any CPU.ActiveCfg = Release|Any CPU
		{A25D5EA0-F642-47D5-9A78-9C54A2776BE5}.Release|Any CPU.Build.0 = Release|Any CPU
		{50B2631D-129C-47B3-A587-029CCD6099BC}.Debug|Any CPU.ActiveCfg = Debug|Any CPU
		{50B2631D-129C-47B3-A587-029CCD6099BC}.Debug|Any CPU.Build.0 = Debug|Any CPU
		{50B2631D-129C-47B3-A587-029CCD6099BC}.Release|Any CPU.ActiveCfg = Release|Any CPU
		{50B2631D-129C-47B3-A587-029CCD6099BC}.Release|Any CPU.Build.0 = Release|Any CPU
		{42F719ED-8413-4895-B5B4-5AB56079BC66}.Debug|Any CPU.ActiveCfg = Debug|Any CPU
		{42F719ED-8413-4895-B5B4-5AB56079BC66}.Debug|Any CPU.Build.0 = Debug|Any CPU
		{42F719ED-8413-4895-B5B4-5AB56079BC66}.Release|Any CPU.ActiveCfg = Release|Any CPU
		{42F719ED-8413-4895-B5B4-5AB56079BC66}.Release|Any CPU.Build.0 = Release|Any CPU
		{520659C8-C734-4298-A3DA-B539DB9DFC0B}.Debug|Any CPU.ActiveCfg = Debug|Any CPU
		{520659C8-C734-4298-A3DA-B539DB9DFC0B}.Debug|Any CPU.Build.0 = Debug|Any CPU
		{520659C8-C734-4298-A3DA-B539DB9DFC0B}.Release|Any CPU.ActiveCfg = Release|Any CPU
		{520659C8-C734-4298-A3DA-B539DB9DFC0B}.Release|Any CPU.Build.0 = Release|Any CPU
		{4164BDF7-F527-4E85-9CE6-E3C2D7426A27}.Debug|Any CPU.ActiveCfg = Debug|Any CPU
		{4164BDF7-F527-4E85-9CE6-E3C2D7426A27}.Debug|Any CPU.Build.0 = Debug|Any CPU
		{4164BDF7-F527-4E85-9CE6-E3C2D7426A27}.Release|Any CPU.ActiveCfg = Release|Any CPU
		{4164BDF7-F527-4E85-9CE6-E3C2D7426A27}.Release|Any CPU.Build.0 = Release|Any CPU
		{3B5A0094-670D-4BB1-BFDD-61B88A8773DC}.Debug|Any CPU.ActiveCfg = Debug|Any CPU
		{3B5A0094-670D-4BB1-BFDD-61B88A8773DC}.Debug|Any CPU.Build.0 = Debug|Any CPU
		{3B5A0094-670D-4BB1-BFDD-61B88A8773DC}.Release|Any CPU.ActiveCfg = Release|Any CPU
		{3B5A0094-670D-4BB1-BFDD-61B88A8773DC}.Release|Any CPU.Build.0 = Release|Any CPU
		{1FE30EB9-74A9-47F5-A9F6-7B1FAB672D81}.Debug|Any CPU.ActiveCfg = Debug|Any CPU
		{1FE30EB9-74A9-47F5-A9F6-7B1FAB672D81}.Debug|Any CPU.Build.0 = Debug|Any CPU
		{1FE30EB9-74A9-47F5-A9F6-7B1FAB672D81}.Release|Any CPU.ActiveCfg = Release|Any CPU
		{1FE30EB9-74A9-47F5-A9F6-7B1FAB672D81}.Release|Any CPU.Build.0 = Release|Any CPU
		{91853F21-9CD9-4132-BC29-A7D5D84FFFE7}.Debug|Any CPU.ActiveCfg = Debug|Any CPU
		{91853F21-9CD9-4132-BC29-A7D5D84FFFE7}.Debug|Any CPU.Build.0 = Debug|Any CPU
		{91853F21-9CD9-4132-BC29-A7D5D84FFFE7}.Release|Any CPU.ActiveCfg = Release|Any CPU
		{91853F21-9CD9-4132-BC29-A7D5D84FFFE7}.Release|Any CPU.Build.0 = Release|Any CPU
		{E512F4D9-9375-480F-A2F6-A46509F9D824}.Debug|Any CPU.ActiveCfg = Debug|Any CPU
		{E512F4D9-9375-480F-A2F6-A46509F9D824}.Debug|Any CPU.Build.0 = Debug|Any CPU
		{E512F4D9-9375-480F-A2F6-A46509F9D824}.Release|Any CPU.ActiveCfg = Release|Any CPU
		{E512F4D9-9375-480F-A2F6-A46509F9D824}.Release|Any CPU.Build.0 = Release|Any CPU
		{EF480016-9127-4916-8735-D2466BDBC582}.Debug|Any CPU.ActiveCfg = Debug|Any CPU
		{EF480016-9127-4916-8735-D2466BDBC582}.Debug|Any CPU.Build.0 = Debug|Any CPU
		{EF480016-9127-4916-8735-D2466BDBC582}.Release|Any CPU.ActiveCfg = Release|Any CPU
		{EF480016-9127-4916-8735-D2466BDBC582}.Release|Any CPU.Build.0 = Release|Any CPU
		{AA94D832-1CCC-4715-95A9-A483F23A1A5D}.Debug|Any CPU.ActiveCfg = Debug|Any CPU
		{AA94D832-1CCC-4715-95A9-A483F23A1A5D}.Debug|Any CPU.Build.0 = Debug|Any CPU
		{AA94D832-1CCC-4715-95A9-A483F23A1A5D}.Release|Any CPU.ActiveCfg = Release|Any CPU
		{AA94D832-1CCC-4715-95A9-A483F23A1A5D}.Release|Any CPU.Build.0 = Release|Any CPU
		{748584B1-BA69-4F6A-81AA-F4BDE6BCE29D}.Debug|Any CPU.ActiveCfg = Debug|Any CPU
		{748584B1-BA69-4F6A-81AA-F4BDE6BCE29D}.Debug|Any CPU.Build.0 = Debug|Any CPU
		{748584B1-BA69-4F6A-81AA-F4BDE6BCE29D}.Release|Any CPU.ActiveCfg = Release|Any CPU
		{748584B1-BA69-4F6A-81AA-F4BDE6BCE29D}.Release|Any CPU.Build.0 = Release|Any CPU
		{27B2DDC7-8B75-4322-A312-25419C15D9D8}.Debug|Any CPU.ActiveCfg = Debug|Any CPU
		{27B2DDC7-8B75-4322-A312-25419C15D9D8}.Debug|Any CPU.Build.0 = Debug|Any CPU
		{27B2DDC7-8B75-4322-A312-25419C15D9D8}.Release|Any CPU.ActiveCfg = Release|Any CPU
		{27B2DDC7-8B75-4322-A312-25419C15D9D8}.Release|Any CPU.Build.0 = Release|Any CPU
		{188A64AD-A1A7-4F95-85D1-C935594611B7}.Debug|Any CPU.ActiveCfg = Debug|Any CPU
		{188A64AD-A1A7-4F95-85D1-C935594611B7}.Debug|Any CPU.Build.0 = Debug|Any CPU
		{188A64AD-A1A7-4F95-85D1-C935594611B7}.Release|Any CPU.ActiveCfg = Release|Any CPU
		{188A64AD-A1A7-4F95-85D1-C935594611B7}.Release|Any CPU.Build.0 = Release|Any CPU
	EndGlobalSection
	GlobalSection(SolutionProperties) = preSolution
		HideSolutionNode = FALSE
	EndGlobalSection
	GlobalSection(NestedProjects) = preSolution
		{554AD327-6DBA-4F8F-96F8-81CE7A0C863F} = {CA9AC87F-097E-4F15-8393-4BC07735A5B0}
		{1A94A50E-06DC-43C1-80B5-B662820EC3EB} = {CA9AC87F-097E-4F15-8393-4BC07735A5B0}
		{C956DD76-69C8-4A9C-83EA-D17DF83340FD} = {CA9AC87F-097E-4F15-8393-4BC07735A5B0}
		{0A9F4A21-2D3F-4E63-9E34-5880D5E0E2AC} = {99F03E5A-B27C-4ED7-98EB-9772C425A74F}
		{C1DFBC79-F82F-436B-A1CC-A64A84DE4DC2} = {99F03E5A-B27C-4ED7-98EB-9772C425A74F}
		{3A755193-C3AF-4F4D-8039-AC38ACE40E32} = {99F03E5A-B27C-4ED7-98EB-9772C425A74F}
		{A5090F7D-1F91-4486-A896-2B5C7DC7866D} = {0A9F4A21-2D3F-4E63-9E34-5880D5E0E2AC}
		{9B14208F-AF28-4A63-9CB8-73EF1C1530AE} = {0A9F4A21-2D3F-4E63-9E34-5880D5E0E2AC}
		{177DD739-7019-4F32-822B-6F1A4F216181} = {0A9F4A21-2D3F-4E63-9E34-5880D5E0E2AC}
		{D4F2E7E0-3C54-4C39-8A2B-66A7AA5B7F1D} = {0A9F4A21-2D3F-4E63-9E34-5880D5E0E2AC}
		{A2A058B5-1890-4C86-B9C6-166ABAEBC720} = {0A9F4A21-2D3F-4E63-9E34-5880D5E0E2AC}
		{E86B4541-0F80-4C4D-84D4-2E9D2C8D9851} = {0A9F4A21-2D3F-4E63-9E34-5880D5E0E2AC}
		{283F8E87-0E6D-4E79-944A-90B3743EA39D} = {0A9F4A21-2D3F-4E63-9E34-5880D5E0E2AC}
		{B83E358F-BB0B-4A79-BE37-492E03457FCA} = {C1DFBC79-F82F-436B-A1CC-A64A84DE4DC2}
		{5EC98AD1-E416-4F6D-80DE-C67DFC7B7BF8} = {C1DFBC79-F82F-436B-A1CC-A64A84DE4DC2}
		{D06AC79B-8D4A-49E7-863E-051AD9B3B335} = {C1DFBC79-F82F-436B-A1CC-A64A84DE4DC2}
		{941CADD0-C607-4AE1-8912-73AE5B40CF4F} = {C1DFBC79-F82F-436B-A1CC-A64A84DE4DC2}
		{E4E2C28D-AC3C-4B22-8BEF-2683EE4FE5D7} = {C1DFBC79-F82F-436B-A1CC-A64A84DE4DC2}
		{03D29A10-51F4-4925-8D60-822C19313497} = {C1DFBC79-F82F-436B-A1CC-A64A84DE4DC2}
		{01F88080-1E38-49B7-932B-1FD96C1F0522} = {C1DFBC79-F82F-436B-A1CC-A64A84DE4DC2}
		{BD1CB822-651B-4249-BEC9-8809048B5044} = {3A755193-C3AF-4F4D-8039-AC38ACE40E32}
		{23E04889-2FC1-4DC0-BD6D-BB7BCF9F1458} = {3A755193-C3AF-4F4D-8039-AC38ACE40E32}
		{E30BDB6F-26C7-4CD8-9C88-240FCA63E27B} = {3A755193-C3AF-4F4D-8039-AC38ACE40E32}
		{FE8FA361-68AC-4883-AF72-2BC1B30C7034} = {3A755193-C3AF-4F4D-8039-AC38ACE40E32}
		{4866E20D-3D75-45D2-AFC6-AE66E07F45E8} = {3A755193-C3AF-4F4D-8039-AC38ACE40E32}
		{BD71A194-5E9E-4AA4-8299-F6AC86E26790} = {3A755193-C3AF-4F4D-8039-AC38ACE40E32}
		{A25D5EA0-F642-47D5-9A78-9C54A2776BE5} = {3A755193-C3AF-4F4D-8039-AC38ACE40E32}
		{50B2631D-129C-47B3-A587-029CCD6099BC} = {04DBDB01-70F4-4E06-B468-8F87850B22BE}
		{42F719ED-8413-4895-B5B4-5AB56079BC66} = {CA9AC87F-097E-4F15-8393-4BC07735A5B0}
		{520659C8-C734-4298-A3DA-B539DB9DFC0B} = {CA9AC87F-097E-4F15-8393-4BC07735A5B0}
		{4164BDF7-F527-4E85-9CE6-E3C2D7426A27} = {CA9AC87F-097E-4F15-8393-4BC07735A5B0}
		{3B5A0094-670D-4BB1-BFDD-61B88A8773DC} = {CA9AC87F-097E-4F15-8393-4BC07735A5B0}
		{1FE30EB9-74A9-47F5-A9F6-7B1FAB672D81} = {04DBDB01-70F4-4E06-B468-8F87850B22BE}
		{91853F21-9CD9-4132-BC29-A7D5D84FFFE7} = {04DBDB01-70F4-4E06-B468-8F87850B22BE}
		{E512F4D9-9375-480F-A2F6-A46509F9D824} = {04DBDB01-70F4-4E06-B468-8F87850B22BE}
		{EF480016-9127-4916-8735-D2466BDBC582} = {04DBDB01-70F4-4E06-B468-8F87850B22BE}
		{AA94D832-1CCC-4715-95A9-A483F23A1A5D} = {CA9AC87F-097E-4F15-8393-4BC07735A5B0}
		{748584B1-BA69-4F6A-81AA-F4BDE6BCE29D} = {CA9AC87F-097E-4F15-8393-4BC07735A5B0}
		{27B2DDC7-8B75-4322-A312-25419C15D9D8} = {CA9AC87F-097E-4F15-8393-4BC07735A5B0}
		{188A64AD-A1A7-4F95-85D1-C935594611B7} = {CA9AC87F-097E-4F15-8393-4BC07735A5B0}
		{9EBDC66A-1E75-4D8A-B317-F0A545254DD1} = {02EA681E-C7D8-13C7-8484-4AC65E1B71E8}
		{0F2C3C0C-AF68-4639-A834-0B1EF720E66C} = {02EA681E-C7D8-13C7-8484-4AC65E1B71E8}
		{7AC09D49-5D2F-49AC-A904-7365C2126008} = {0F2C3C0C-AF68-4639-A834-0B1EF720E66C}
		{14F9F121-5E99-4B52-8581-42CCA3084D1D} = {9EBDC66A-1E75-4D8A-B317-F0A545254DD1}
		{A7F7D28B-28E1-4A73-AA44-72C8004A9F46} = {9EBDC66A-1E75-4D8A-B317-F0A545254DD1}
		{493CCB57-F776-452E-8E9D-478CC7589661} = {0F2C3C0C-AF68-4639-A834-0B1EF720E66C}
		{40DDB3E5-4D28-4C32-ADED-0BB8E22638C9} = {9EBDC66A-1E75-4D8A-B317-F0A545254DD1}
	EndGlobalSection
	GlobalSection(ExtensibilityGlobals) = postSolution
		SolutionGuid = {28315BFD-90E7-4E14-A2EA-F3D23AF4126F}
	EndGlobalSection
EndGlobal
