
Microsoft Visual Studio Solution File, Format Version 12.00
# Visual Studio Version 17
VisualStudioVersion = 17.14.36623.8
MinimumVisualStudioVersion = 10.0.40219.1
Project("{9A19103F-16F7-4668-BE54-9A1E7A4F7556}") = "digihealth.Domain", "src\digihealth.Domain\digihealth.Domain.csproj", "{554AD327-6DBA-4F8F-96F8-81CE7A0C863F}"
EndProject
Project("{9A19103F-16F7-4668-BE54-9A1E7A4F7556}") = "digihealth.Application", "src\digihealth.Application\digihealth.Application.csproj", "{1A94A50E-06DC-43C1-80B5-B662820EC3EB}"
EndProject
Project("{9A19103F-16F7-4668-BE54-9A1E7A4F7556}") = "digihealth.EntityFrameworkCore", "src\digihealth.EntityFrameworkCore\digihealth.EntityFrameworkCore.csproj", "{C956DD76-69C8-4A9C-83EA-D17DF83340FD}"
EndProject
Project("{2150E333-8FDC-42A3-9474-1A3956D46DE8}") = "src", "src", "{CA9AC87F-097E-4F15-8393-4BC07735A5B0}"
EndProject
Project("{2150E333-8FDC-42A3-9474-1A3956D46DE8}") = "services", "services", "{99F03E5A-B27C-4ED7-98EB-9772C425A74F}"
EndProject
Project("{2150E333-8FDC-42A3-9474-1A3956D46DE8}") = "identity", "identity", "{0A9F4A21-2D3F-4E63-9E34-5880D5E0E2AC}"
EndProject
Project("{9A19103F-16F7-4668-BE54-9A1E7A4F7556}") = "IdentityService.Domain.Shared", "src\services\identity\IdentityService.Domain.Shared\IdentityService.Domain.Shared.csproj", "{A5090F7D-1F91-4486-A896-2B5C7DC7866D}"
EndProject
Project("{9A19103F-16F7-4668-BE54-9A1E7A4F7556}") = "IdentityService.Domain", "src\services\identity\IdentityService.Domain\IdentityService.Domain.csproj", "{9B14208F-AF28-4A63-9CB8-73EF1C1530AE}"
EndProject
Project("{9A19103F-16F7-4668-BE54-9A1E7A4F7556}") = "IdentityService.Application.Contracts", "src\services\identity\IdentityService.Application.Contracts\IdentityService.Application.Contracts.csproj", "{177DD739-7019-4F32-822B-6F1A4F216181}"
EndProject
Project("{9A19103F-16F7-4668-BE54-9A1E7A4F7556}") = "IdentityService.Application", "src\services\identity\IdentityService.Application\IdentityService.Application.csproj", "{D4F2E7E0-3C54-4C39-8A2B-66A7AA5B7F1D}"
EndProject
Project("{9A19103F-16F7-4668-BE54-9A1E7A4F7556}") = "IdentityService.EntityFrameworkCore", "src\services\identity\IdentityService.EntityFrameworkCore\IdentityService.EntityFrameworkCore.csproj", "{A2A058B5-1890-4C86-B9C6-166ABAEBC720}"
EndProject
Project("{9A19103F-16F7-4668-BE54-9A1E7A4F7556}") = "IdentityService.HttpApi", "src\services\identity\IdentityService.HttpApi\IdentityService.HttpApi.csproj", "{E86B4541-0F80-4C4D-84D4-2E9D2C8D9851}"
EndProject
Project("{9A19103F-16F7-4668-BE54-9A1E7A4F7556}") = "IdentityService.HttpApi.Host", "src\services\identity\IdentityService.HttpApi.Host\IdentityService.HttpApi.Host.csproj", "{283F8E87-0E6D-4E79-944A-90B3743EA39D}"
EndProject
Project("{2150E333-8FDC-42A3-9474-1A3956D46DE8}") = "patient", "patient", "{816820D9-E520-4D53-8959-A665CD3B292A}"
EndProject
Project("{9A19103F-16F7-4668-BE54-9A1E7A4F7556}") = "PatientService.Domain.Shared", "src\services\patient\PatientService.Domain.Shared\PatientService.Domain.Shared.csproj", "{3DBE4092-E5DA-436B-9FD8-9AEBA1287247}"
EndProject
Project("{9A19103F-16F7-4668-BE54-9A1E7A4F7556}") = "PatientService.Domain", "src\services\patient\PatientService.Domain\PatientService.Domain.csproj", "{BF8113D5-5FE4-4B73-91CE-9DDA8F90BBE1}"
EndProject
Project("{9A19103F-16F7-4668-BE54-9A1E7A4F7556}") = "PatientService.Application.Contracts", "src\services\patient\PatientService.Application.Contracts\PatientService.Application.Contracts.csproj", "{70960EA0-AEB6-42A0-AD0A-3ABF13236C83}"
EndProject
Project("{9A19103F-16F7-4668-BE54-9A1E7A4F7556}") = "PatientService.Application", "src\services\patient\PatientService.Application\PatientService.Application.csproj", "{2386E625-A614-4A40-8EA5-A8076D8B1F64}"
EndProject
Project("{9A19103F-16F7-4668-BE54-9A1E7A4F7556}") = "PatientService.EntityFrameworkCore", "src\services\patient\PatientService.EntityFrameworkCore\PatientService.EntityFrameworkCore.csproj", "{DB7E168E-29A0-4D88-8761-CD314EAA8F75}"
EndProject
Project("{9A19103F-16F7-4668-BE54-9A1E7A4F7556}") = "PatientService.HttpApi", "src\services\patient\PatientService.HttpApi\PatientService.HttpApi.csproj", "{5FE1F3C6-6289-43A1-A8C1-60C73F789AF6}"
EndProject
Project("{9A19103F-16F7-4668-BE54-9A1E7A4F7556}") = "PatientService.HttpApi.Host", "src\services\patient\PatientService.HttpApi.Host\PatientService.HttpApi.Host.csproj", "{C3BA2D59-9336-43CD-831C-CE5CF06151DF}"
EndProject
Project("{2150E333-8FDC-42A3-9474-1A3956D46DE8}") = "test", "test", "{04DBDB01-70F4-4E06-B468-8F87850B22BE}"
EndProject
Project("{9A19103F-16F7-4668-BE54-9A1E7A4F7556}") = "digihealth.Application.Tests", "test\digihealth.Application.Tests\digihealth.Application.Tests.csproj", "{50B2631D-129C-47B3-A587-029CCD6099BC}"
EndProject
Project("{9A19103F-16F7-4668-BE54-9A1E7A4F7556}") = "digihealth.Domain.Shared", "src\digihealth.Domain.Shared\digihealth.Domain.Shared.csproj", "{42F719ED-8413-4895-B5B4-5AB56079BC66}"
EndProject
Project("{9A19103F-16F7-4668-BE54-9A1E7A4F7556}") = "digihealth.Application.Contracts", "src\digihealth.Application.Contracts\digihealth.Application.Contracts.csproj", "{520659C8-C734-4298-A3DA-B539DB9DFC0B}"
EndProject
Project("{9A19103F-16F7-4668-BE54-9A1E7A4F7556}") = "digihealth.HttpApi", "src\digihealth.HttpApi\digihealth.HttpApi.csproj", "{4164BDF7-F527-4E85-9CE6-E3C2D7426A27}"
EndProject
Project("{9A19103F-16F7-4668-BE54-9A1E7A4F7556}") = "digihealth.HttpApi.Client", "src\digihealth.HttpApi.Client\digihealth.HttpApi.Client.csproj", "{3B5A0094-670D-4BB1-BFDD-61B88A8773DC}"
EndProject
Project("{9A19103F-16F7-4668-BE54-9A1E7A4F7556}") = "digihealth.EntityFrameworkCore.Tests", "test\digihealth.EntityFrameworkCore.Tests\digihealth.EntityFrameworkCore.Tests.csproj", "{1FE30EB9-74A9-47F5-A9F6-7B1FAB672D81}"
EndProject
Project("{9A19103F-16F7-4668-BE54-9A1E7A4F7556}") = "digihealth.TestBase", "test\digihealth.TestBase\digihealth.TestBase.csproj", "{91853F21-9CD9-4132-BC29-A7D5D84FFFE7}"
EndProject
Project("{9A19103F-16F7-4668-BE54-9A1E7A4F7556}") = "digihealth.Domain.Tests", "test\digihealth.Domain.Tests\digihealth.Domain.Tests.csproj", "{E512F4D9-9375-480F-A2F6-A46509F9D824}"
EndProject
Project("{9A19103F-16F7-4668-BE54-9A1E7A4F7556}") = "digihealth.HttpApi.Client.ConsoleTestApp", "test\digihealth.HttpApi.Client.ConsoleTestApp\digihealth.HttpApi.Client.ConsoleTestApp.csproj", "{EF480016-9127-4916-8735-D2466BDBC582}"
EndProject
Project("{9A19103F-16F7-4668-BE54-9A1E7A4F7556}") = "digihealth.DbMigrator", "src\digihealth.DbMigrator\digihealth.DbMigrator.csproj", "{AA94D832-1CCC-4715-95A9-A483F23A1A5D}"
EndProject
Project("{9A19103F-16F7-4668-BE54-9A1E7A4F7556}") = "digihealth.HttpApi.Host", "src\digihealth.HttpApi.Host\digihealth.HttpApi.Host.csproj", "{748584B1-BA69-4F6A-81AA-F4BDE6BCE29D}"
EndProject
Project("{9A19103F-16F7-4668-BE54-9A1E7A4F7556}") = "digihealth.Blazor", "src\digihealth.Blazor\digihealth.Blazor.csproj", "{27B2DDC7-8B75-4322-A312-25419C15D9D8}"
EndProject
Project("{FAE04EC0-301F-11D3-BF4B-00C04F79EFBC}") = "digihealth.Blazor.Client", "src\digihealth.Blazor.Client\digihealth.Blazor.Client.csproj", "{188A64AD-A1A7-4F95-85D1-C935594611B7}"
EndProject
Project("{2150E333-8FDC-42A3-9474-1A3956D46DE8}") = "database", "database", "{02EA681E-C7D8-13C7-8484-4AC65E1B71E8}"
EndProject
Project("{2150E333-8FDC-42A3-9474-1A3956D46DE8}") = "postgresql", "postgresql", "{9EBDC66A-1E75-4D8A-B317-F0A545254DD1}"
EndProject
Project("{2150E333-8FDC-42A3-9474-1A3956D46DE8}") = "Mermaid", "Mermaid", "{0F2C3C0C-AF68-4639-A834-0B1EF720E66C}"
EndProject
Project("{2150E333-8FDC-42A3-9474-1A3956D46DE8}") = "v1", "v1", "{7AC09D49-5D2F-49AC-A904-7365C2126008}"
	ProjectSection(SolutionItems) = preProject
		database\Mermaid\v1\schema.mmd = database\Mermaid\v1\schema.mmd
		database\Mermaid\v1\schema.png = database\Mermaid\v1\schema.png
		database\Mermaid\v1\schema.svg = database\Mermaid\v1\schema.svg
	EndProjectSection
EndProject
Project("{2150E333-8FDC-42A3-9474-1A3956D46DE8}") = "v1", "v1", "{14F9F121-5E99-4B52-8581-42CCA3084D1D}"
	ProjectSection(SolutionItems) = preProject
		database\postgresql\v1\digihealth-16112025.sql = database\postgresql\v1\digihealth-16112025.sql
		database\postgresql\v1\PostgreSQL Initial Database - Sample data.sql = database\postgresql\v1\PostgreSQL Initial Database - Sample data.sql
		database\postgresql\v1\PostgreSQL Initial Database Setup script.sql = database\postgresql\v1\PostgreSQL Initial Database Setup script.sql
	EndProjectSection
EndProject
Project("{2150E333-8FDC-42A3-9474-1A3956D46DE8}") = "v2", "v2", "{A7F7D28B-28E1-4A73-AA44-72C8004A9F46}"
	ProjectSection(SolutionItems) = preProject
		database\postgresql\v2\digihealthv2-18112025.sql = database\postgresql\v2\digihealthv2-18112025.sql
		database\postgresql\v2\PostgreSQL v2 Database-Sample data.sql = database\postgresql\v2\PostgreSQL v2 Database-Sample data.sql
		database\postgresql\v2\PostgreSQL v2 Database.sql = database\postgresql\v2\PostgreSQL v2 Database.sql
	EndProjectSection
EndProject
Project("{2150E333-8FDC-42A3-9474-1A3956D46DE8}") = "v2", "v2", "{493CCB57-F776-452E-8E9D-478CC7589661}"
	ProjectSection(SolutionItems) = preProject
		database\Mermaid\v2\schema.mmd = database\Mermaid\v2\schema.mmd
	EndProjectSection
EndProject
Global
	GlobalSection(SolutionConfigurationPlatforms) = preSolution
		Debug|Any CPU = Debug|Any CPU
		Release|Any CPU = Release|Any CPU
	EndGlobalSection
	GlobalSection(ProjectConfigurationPlatforms) = postSolution
		{554AD327-6DBA-4F8F-96F8-81CE7A0C863F}.Debug|Any CPU.ActiveCfg = Debug|Any CPU
		{554AD327-6DBA-4F8F-96F8-81CE7A0C863F}.Debug|Any CPU.Build.0 = Debug|Any CPU
		{554AD327-6DBA-4F8F-96F8-81CE7A0C863F}.Release|Any CPU.ActiveCfg = Release|Any CPU
		{554AD327-6DBA-4F8F-96F8-81CE7A0C863F}.Release|Any CPU.Build.0 = Release|Any CPU
		{1A94A50E-06DC-43C1-80B5-B662820EC3EB}.Debug|Any CPU.ActiveCfg = Debug|Any CPU
		{1A94A50E-06DC-43C1-80B5-B662820EC3EB}.Debug|Any CPU.Build.0 = Debug|Any CPU
		{1A94A50E-06DC-43C1-80B5-B662820EC3EB}.Release|Any CPU.ActiveCfg = Release|Any CPU
		{1A94A50E-06DC-43C1-80B5-B662820EC3EB}.Release|Any CPU.Build.0 = Release|Any CPU
		{C956DD76-69C8-4A9C-83EA-D17DF83340FD}.Debug|Any CPU.ActiveCfg = Debug|Any CPU
		{C956DD76-69C8-4A9C-83EA-D17DF83340FD}.Debug|Any CPU.Build.0 = Debug|Any CPU
		{C956DD76-69C8-4A9C-83EA-D17DF83340FD}.Release|Any CPU.ActiveCfg = Release|Any CPU
		{C956DD76-69C8-4A9C-83EA-D17DF83340FD}.Release|Any CPU.Build.0 = Release|Any CPU
		{A5090F7D-1F91-4486-A896-2B5C7DC7866D}.Debug|Any CPU.ActiveCfg = Debug|Any CPU
		{A5090F7D-1F91-4486-A896-2B5C7DC7866D}.Debug|Any CPU.Build.0 = Debug|Any CPU
		{A5090F7D-1F91-4486-A896-2B5C7DC7866D}.Release|Any CPU.ActiveCfg = Release|Any CPU
		{A5090F7D-1F91-4486-A896-2B5C7DC7866D}.Release|Any CPU.Build.0 = Release|Any CPU
		{9B14208F-AF28-4A63-9CB8-73EF1C1530AE}.Debug|Any CPU.ActiveCfg = Debug|Any CPU
		{9B14208F-AF28-4A63-9CB8-73EF1C1530AE}.Debug|Any CPU.Build.0 = Debug|Any CPU
		{9B14208F-AF28-4A63-9CB8-73EF1C1530AE}.Release|Any CPU.ActiveCfg = Release|Any CPU
		{9B14208F-AF28-4A63-9CB8-73EF1C1530AE}.Release|Any CPU.Build.0 = Release|Any CPU
		{177DD739-7019-4F32-822B-6F1A4F216181}.Debug|Any CPU.ActiveCfg = Debug|Any CPU
		{177DD739-7019-4F32-822B-6F1A4F216181}.Debug|Any CPU.Build.0 = Debug|Any CPU
		{177DD739-7019-4F32-822B-6F1A4F216181}.Release|Any CPU.ActiveCfg = Release|Any CPU
		{177DD739-7019-4F32-822B-6F1A4F216181}.Release|Any CPU.Build.0 = Release|Any CPU
		{D4F2E7E0-3C54-4C39-8A2B-66A7AA5B7F1D}.Debug|Any CPU.ActiveCfg = Debug|Any CPU
		{D4F2E7E0-3C54-4C39-8A2B-66A7AA5B7F1D}.Debug|Any CPU.Build.0 = Debug|Any CPU
		{D4F2E7E0-3C54-4C39-8A2B-66A7AA5B7F1D}.Release|Any CPU.ActiveCfg = Release|Any CPU
		{D4F2E7E0-3C54-4C39-8A2B-66A7AA5B7F1D}.Release|Any CPU.Build.0 = Release|Any CPU
		{A2A058B5-1890-4C86-B9C6-166ABAEBC720}.Debug|Any CPU.ActiveCfg = Debug|Any CPU
		{A2A058B5-1890-4C86-B9C6-166ABAEBC720}.Debug|Any CPU.Build.0 = Debug|Any CPU
		{A2A058B5-1890-4C86-B9C6-166ABAEBC720}.Release|Any CPU.ActiveCfg = Release|Any CPU
		{A2A058B5-1890-4C86-B9C6-166ABAEBC720}.Release|Any CPU.Build.0 = Release|Any CPU
		{E86B4541-0F80-4C4D-84D4-2E9D2C8D9851}.Debug|Any CPU.ActiveCfg = Debug|Any CPU
		{E86B4541-0F80-4C4D-84D4-2E9D2C8D9851}.Debug|Any CPU.Build.0 = Debug|Any CPU
		{E86B4541-0F80-4C4D-84D4-2E9D2C8D9851}.Release|Any CPU.ActiveCfg = Release|Any CPU
		{E86B4541-0F80-4C4D-84D4-2E9D2C8D9851}.Release|Any CPU.Build.0 = Release|Any CPU
		{283F8E87-0E6D-4E79-944A-90B3743EA39D}.Debug|Any CPU.ActiveCfg = Debug|Any CPU
		{283F8E87-0E6D-4E79-944A-90B3743EA39D}.Debug|Any CPU.Build.0 = Debug|Any CPU
		{283F8E87-0E6D-4E79-944A-90B3743EA39D}.Release|Any CPU.ActiveCfg = Release|Any CPU
		{283F8E87-0E6D-4E79-944A-90B3743EA39D}.Release|Any CPU.Build.0 = Release|Any CPU
		{50B2631D-129C-47B3-A587-029CCD6099BC}.Debug|Any CPU.ActiveCfg = Debug|Any CPU
		{50B2631D-129C-47B3-A587-029CCD6099BC}.Debug|Any CPU.Build.0 = Debug|Any CPU
		{50B2631D-129C-47B3-A587-029CCD6099BC}.Release|Any CPU.ActiveCfg = Release|Any CPU
		{50B2631D-129C-47B3-A587-029CCD6099BC}.Release|Any CPU.Build.0 = Release|Any CPU
		{42F719ED-8413-4895-B5B4-5AB56079BC66}.Debug|Any CPU.ActiveCfg = Debug|Any CPU
		{42F719ED-8413-4895-B5B4-5AB56079BC66}.Debug|Any CPU.Build.0 = Debug|Any CPU
		{42F719ED-8413-4895-B5B4-5AB56079BC66}.Release|Any CPU.ActiveCfg = Release|Any CPU
		{42F719ED-8413-4895-B5B4-5AB56079BC66}.Release|Any CPU.Build.0 = Release|Any CPU
		{520659C8-C734-4298-A3DA-B539DB9DFC0B}.Debug|Any CPU.ActiveCfg = Debug|Any CPU
		{520659C8-C734-4298-A3DA-B539DB9DFC0B}.Debug|Any CPU.Build.0 = Debug|Any CPU
		{520659C8-C734-4298-A3DA-B539DB9DFC0B}.Release|Any CPU.ActiveCfg = Release|Any CPU
		{520659C8-C734-4298-A3DA-B539DB9DFC0B}.Release|Any CPU.Build.0 = Release|Any CPU
		{4164BDF7-F527-4E85-9CE6-E3C2D7426A27}.Debug|Any CPU.ActiveCfg = Debug|Any CPU
		{4164BDF7-F527-4E85-9CE6-E3C2D7426A27}.Debug|Any CPU.Build.0 = Debug|Any CPU
		{4164BDF7-F527-4E85-9CE6-E3C2D7426A27}.Release|Any CPU.ActiveCfg = Release|Any CPU
		{4164BDF7-F527-4E85-9CE6-E3C2D7426A27}.Release|Any CPU.Build.0 = Release|Any CPU
		{3B5A0094-670D-4BB1-BFDD-61B88A8773DC}.Debug|Any CPU.ActiveCfg = Debug|Any CPU
		{3B5A0094-670D-4BB1-BFDD-61B88A8773DC}.Debug|Any CPU.Build.0 = Debug|Any CPU
		{3B5A0094-670D-4BB1-BFDD-61B88A8773DC}.Release|Any CPU.ActiveCfg = Release|Any CPU
		{3B5A0094-670D-4BB1-BFDD-61B88A8773DC}.Release|Any CPU.Build.0 = Release|Any CPU
		{1FE30EB9-74A9-47F5-A9F6-7B1FAB672D81}.Debug|Any CPU.ActiveCfg = Debug|Any CPU
		{1FE30EB9-74A9-47F5-A9F6-7B1FAB672D81}.Debug|Any CPU.Build.0 = Debug|Any CPU
		{1FE30EB9-74A9-47F5-A9F6-7B1FAB672D81}.Release|Any CPU.ActiveCfg = Release|Any CPU
		{1FE30EB9-74A9-47F5-A9F6-7B1FAB672D81}.Release|Any CPU.Build.0 = Release|Any CPU
		{91853F21-9CD9-4132-BC29-A7D5D84FFFE7}.Debug|Any CPU.ActiveCfg = Debug|Any CPU
		{91853F21-9CD9-4132-BC29-A7D5D84FFFE7}.Debug|Any CPU.Build.0 = Debug|Any CPU
		{91853F21-9CD9-4132-BC29-A7D5D84FFFE7}.Release|Any CPU.ActiveCfg = Release|Any CPU
		{91853F21-9CD9-4132-BC29-A7D5D84FFFE7}.Release|Any CPU.Build.0 = Release|Any CPU
		{E512F4D9-9375-480F-A2F6-A46509F9D824}.Debug|Any CPU.ActiveCfg = Debug|Any CPU
		{E512F4D9-9375-480F-A2F6-A46509F9D824}.Debug|Any CPU.Build.0 = Debug|Any CPU
		{E512F4D9-9375-480F-A2F6-A46509F9D824}.Release|Any CPU.ActiveCfg = Release|Any CPU
		{E512F4D9-9375-480F-A2F6-A46509F9D824}.Release|Any CPU.Build.0 = Release|Any CPU
		{EF480016-9127-4916-8735-D2466BDBC582}.Debug|Any CPU.ActiveCfg = Debug|Any CPU
		{EF480016-9127-4916-8735-D2466BDBC582}.Debug|Any CPU.Build.0 = Debug|Any CPU
		{EF480016-9127-4916-8735-D2466BDBC582}.Release|Any CPU.ActiveCfg = Release|Any CPU
		{EF480016-9127-4916-8735-D2466BDBC582}.Release|Any CPU.Build.0 = Release|Any CPU
		{AA94D832-1CCC-4715-95A9-A483F23A1A5D}.Debug|Any CPU.ActiveCfg = Debug|Any CPU
		{AA94D832-1CCC-4715-95A9-A483F23A1A5D}.Debug|Any CPU.Build.0 = Debug|Any CPU
		{AA94D832-1CCC-4715-95A9-A483F23A1A5D}.Release|Any CPU.ActiveCfg = Release|Any CPU
		{AA94D832-1CCC-4715-95A9-A483F23A1A5D}.Release|Any CPU.Build.0 = Release|Any CPU
		{748584B1-BA69-4F6A-81AA-F4BDE6BCE29D}.Debug|Any CPU.ActiveCfg = Debug|Any CPU
		{748584B1-BA69-4F6A-81AA-F4BDE6BCE29D}.Debug|Any CPU.Build.0 = Debug|Any CPU
		{748584B1-BA69-4F6A-81AA-F4BDE6BCE29D}.Release|Any CPU.ActiveCfg = Release|Any CPU
		{748584B1-BA69-4F6A-81AA-F4BDE6BCE29D}.Release|Any CPU.Build.0 = Release|Any CPU
		{27B2DDC7-8B75-4322-A312-25419C15D9D8}.Debug|Any CPU.ActiveCfg = Debug|Any CPU
		{27B2DDC7-8B75-4322-A312-25419C15D9D8}.Debug|Any CPU.Build.0 = Debug|Any CPU
		{27B2DDC7-8B75-4322-A312-25419C15D9D8}.Release|Any CPU.ActiveCfg = Release|Any CPU
		{27B2DDC7-8B75-4322-A312-25419C15D9D8}.Release|Any CPU.Build.0 = Release|Any CPU
		{188A64AD-A1A7-4F95-85D1-C935594611B7}.Debug|Any CPU.ActiveCfg = Debug|Any CPU
		{188A64AD-A1A7-4F95-85D1-C935594611B7}.Debug|Any CPU.Build.0 = Debug|Any CPU
		{188A64AD-A1A7-4F95-85D1-C935594611B7}.Release|Any CPU.ActiveCfg = Release|Any CPU
		{188A64AD-A1A7-4F95-85D1-C935594611B7}.Release|Any CPU.Build.0 = Release|Any CPU
		{C3BA2D59-9336-43CD-831C-CE5CF06151DF}.Debug|Any CPU.ActiveCfg = Debug|Any CPU
		{C3BA2D59-9336-43CD-831C-CE5CF06151DF}.Debug|Any CPU.Build.0 = Debug|Any CPU
		{C3BA2D59-9336-43CD-831C-CE5CF06151DF}.Release|Any CPU.ActiveCfg = Release|Any CPU
		{C3BA2D59-9336-43CD-831C-CE5CF06151DF}.Release|Any CPU.Build.0 = Release|Any CPU
		{5FE1F3C6-6289-43A1-A8C1-60C73F789AF6}.Debug|Any CPU.ActiveCfg = Debug|Any CPU
		{5FE1F3C6-6289-43A1-A8C1-60C73F789AF6}.Debug|Any CPU.Build.0 = Debug|Any CPU
		{5FE1F3C6-6289-43A1-A8C1-60C73F789AF6}.Release|Any CPU.ActiveCfg = Release|Any CPU
		{5FE1F3C6-6289-43A1-A8C1-60C73F789AF6}.Release|Any CPU.Build.0 = Release|Any CPU
		{70960EA0-AEB6-42A0-AD0A-3ABF13236C83}.Debug|Any CPU.ActiveCfg = Debug|Any CPU
		{70960EA0-AEB6-42A0-AD0A-3ABF13236C83}.Debug|Any CPU.Build.0 = Debug|Any CPU
		{70960EA0-AEB6-42A0-AD0A-3ABF13236C83}.Release|Any CPU.ActiveCfg = Release|Any CPU
		{70960EA0-AEB6-42A0-AD0A-3ABF13236C83}.Release|Any CPU.Build.0 = Release|Any CPU
		{DB7E168E-29A0-4D88-8761-CD314EAA8F75}.Debug|Any CPU.ActiveCfg = Debug|Any CPU
		{DB7E168E-29A0-4D88-8761-CD314EAA8F75}.Debug|Any CPU.Build.0 = Debug|Any CPU
		{DB7E168E-29A0-4D88-8761-CD314EAA8F75}.Release|Any CPU.ActiveCfg = Release|Any CPU
		{DB7E168E-29A0-4D88-8761-CD314EAA8F75}.Release|Any CPU.Build.0 = Release|Any CPU
		{2386E625-A614-4A40-8EA5-A8076D8B1F64}.Debug|Any CPU.ActiveCfg = Debug|Any CPU
		{2386E625-A614-4A40-8EA5-A8076D8B1F64}.Debug|Any CPU.Build.0 = Debug|Any CPU
		{2386E625-A614-4A40-8EA5-A8076D8B1F64}.Release|Any CPU.ActiveCfg = Release|Any CPU
		{2386E625-A614-4A40-8EA5-A8076D8B1F64}.Release|Any CPU.Build.0 = Release|Any CPU
		{3DBE4092-E5DA-436B-9FD8-9AEBA1287247}.Debug|Any CPU.ActiveCfg = Debug|Any CPU
		{3DBE4092-E5DA-436B-9FD8-9AEBA1287247}.Debug|Any CPU.Build.0 = Debug|Any CPU
		{3DBE4092-E5DA-436B-9FD8-9AEBA1287247}.Release|Any CPU.ActiveCfg = Release|Any CPU
		{3DBE4092-E5DA-436B-9FD8-9AEBA1287247}.Release|Any CPU.Build.0 = Release|Any CPU
		{BF8113D5-5FE4-4B73-91CE-9DDA8F90BBE1}.Debug|Any CPU.ActiveCfg = Debug|Any CPU
		{BF8113D5-5FE4-4B73-91CE-9DDA8F90BBE1}.Debug|Any CPU.Build.0 = Debug|Any CPU
		{BF8113D5-5FE4-4B73-91CE-9DDA8F90BBE1}.Release|Any CPU.ActiveCfg = Release|Any CPU
		{BF8113D5-5FE4-4B73-91CE-9DDA8F90BBE1}.Release|Any CPU.Build.0 = Release|Any CPU
	EndGlobalSection
	GlobalSection(SolutionProperties) = preSolution
		HideSolutionNode = FALSE
	EndGlobalSection
	GlobalSection(NestedProjects) = preSolution
		{554AD327-6DBA-4F8F-96F8-81CE7A0C863F} = {CA9AC87F-097E-4F15-8393-4BC07735A5B0}
		{1A94A50E-06DC-43C1-80B5-B662820EC3EB} = {CA9AC87F-097E-4F15-8393-4BC07735A5B0}
		{C956DD76-69C8-4A9C-83EA-D17DF83340FD} = {CA9AC87F-097E-4F15-8393-4BC07735A5B0}
		{0A9F4A21-2D3F-4E63-9E34-5880D5E0E2AC} = {99F03E5A-B27C-4ED7-98EB-9772C425A74F}
		{A5090F7D-1F91-4486-A896-2B5C7DC7866D} = {0A9F4A21-2D3F-4E63-9E34-5880D5E0E2AC}
		{9B14208F-AF28-4A63-9CB8-73EF1C1530AE} = {0A9F4A21-2D3F-4E63-9E34-5880D5E0E2AC}
		{177DD739-7019-4F32-822B-6F1A4F216181} = {0A9F4A21-2D3F-4E63-9E34-5880D5E0E2AC}
		{D4F2E7E0-3C54-4C39-8A2B-66A7AA5B7F1D} = {0A9F4A21-2D3F-4E63-9E34-5880D5E0E2AC}
		{A2A058B5-1890-4C86-B9C6-166ABAEBC720} = {0A9F4A21-2D3F-4E63-9E34-5880D5E0E2AC}
		{E86B4541-0F80-4C4D-84D4-2E9D2C8D9851} = {0A9F4A21-2D3F-4E63-9E34-5880D5E0E2AC}
		{283F8E87-0E6D-4E79-944A-90B3743EA39D} = {0A9F4A21-2D3F-4E63-9E34-5880D5E0E2AC}
		{50B2631D-129C-47B3-A587-029CCD6099BC} = {04DBDB01-70F4-4E06-B468-8F87850B22BE}
		{42F719ED-8413-4895-B5B4-5AB56079BC66} = {CA9AC87F-097E-4F15-8393-4BC07735A5B0}
		{520659C8-C734-4298-A3DA-B539DB9DFC0B} = {CA9AC87F-097E-4F15-8393-4BC07735A5B0}
		{4164BDF7-F527-4E85-9CE6-E3C2D7426A27} = {CA9AC87F-097E-4F15-8393-4BC07735A5B0}
		{3B5A0094-670D-4BB1-BFDD-61B88A8773DC} = {CA9AC87F-097E-4F15-8393-4BC07735A5B0}
		{1FE30EB9-74A9-47F5-A9F6-7B1FAB672D81} = {04DBDB01-70F4-4E06-B468-8F87850B22BE}
		{91853F21-9CD9-4132-BC29-A7D5D84FFFE7} = {04DBDB01-70F4-4E06-B468-8F87850B22BE}
		{E512F4D9-9375-480F-A2F6-A46509F9D824} = {04DBDB01-70F4-4E06-B468-8F87850B22BE}
		{EF480016-9127-4916-8735-D2466BDBC582} = {04DBDB01-70F4-4E06-B468-8F87850B22BE}
		{AA94D832-1CCC-4715-95A9-A483F23A1A5D} = {CA9AC87F-097E-4F15-8393-4BC07735A5B0}
		{748584B1-BA69-4F6A-81AA-F4BDE6BCE29D} = {CA9AC87F-097E-4F15-8393-4BC07735A5B0}
		{27B2DDC7-8B75-4322-A312-25419C15D9D8} = {CA9AC87F-097E-4F15-8393-4BC07735A5B0}
		{188A64AD-A1A7-4F95-85D1-C935594611B7} = {CA9AC87F-097E-4F15-8393-4BC07735A5B0}
		{9EBDC66A-1E75-4D8A-B317-F0A545254DD1} = {02EA681E-C7D8-13C7-8484-4AC65E1B71E8}
		{0F2C3C0C-AF68-4639-A834-0B1EF720E66C} = {02EA681E-C7D8-13C7-8484-4AC65E1B71E8}
		{7AC09D49-5D2F-49AC-A904-7365C2126008} = {0F2C3C0C-AF68-4639-A834-0B1EF720E66C}
		{14F9F121-5E99-4B52-8581-42CCA3084D1D} = {9EBDC66A-1E75-4D8A-B317-F0A545254DD1}
		{A7F7D28B-28E1-4A73-AA44-72C8004A9F46} = {9EBDC66A-1E75-4D8A-B317-F0A545254DD1}
		{493CCB57-F776-452E-8E9D-478CC7589661} = {0F2C3C0C-AF68-4639-A834-0B1EF720E66C}
		{816820D9-E520-4D53-8959-A665CD3B292A} = {99F03E5A-B27C-4ED7-98EB-9772C425A74F}
		{3DBE4092-E5DA-436B-9FD8-9AEBA1287247} = {816820D9-E520-4D53-8959-A665CD3B292A}
		{BF8113D5-5FE4-4B73-91CE-9DDA8F90BBE1} = {816820D9-E520-4D53-8959-A665CD3B292A}
		{70960EA0-AEB6-42A0-AD0A-3ABF13236C83} = {816820D9-E520-4D53-8959-A665CD3B292A}
		{2386E625-A614-4A40-8EA5-A8076D8B1F64} = {816820D9-E520-4D53-8959-A665CD3B292A}
		{DB7E168E-29A0-4D88-8761-CD314EAA8F75} = {816820D9-E520-4D53-8959-A665CD3B292A}
		{5FE1F3C6-6289-43A1-A8C1-60C73F789AF6} = {816820D9-E520-4D53-8959-A665CD3B292A}
		{C3BA2D59-9336-43CD-831C-CE5CF06151DF} = {816820D9-E520-4D53-8959-A665CD3B292A}
	EndGlobalSection
	GlobalSection(ExtensibilityGlobals) = postSolution
		SolutionGuid = {28315BFD-90E7-4E14-A2EA-F3D23AF4126F}
	EndGlobalSection
EndGlobal
