# This file is generated by running "yarn install" inside your project.
# Manual changes might be lost - proceed with caution!

__metadata:
  version: 8
  cacheKey: 10c0

"@abp/aspnetcore.mvc.ui.theme.leptonxlite@npm:~4.3.6":
  version: 4.3.6
  resolution: "@abp/aspnetcore.mvc.ui.theme.leptonxlite@npm:4.3.6"
  dependencies:
    "@abp/aspnetcore.mvc.ui.theme.shared": "npm:~9.3.6"
  checksum: 10c0/b6bb64829e99a182b7a2522ee7b61cba746f86d2c1cadfe7b6b2c9ee886ef24b3fe0a71ca294d5458824687edfe3a442cf45e8a989d3dddd0aa4ff39a19f02e4
  languageName: node
  linkType: hard

"@abp/aspnetcore.mvc.ui.theme.shared@npm:~9.3.6":
  version: 9.3.6
  resolution: "@abp/aspnetcore.mvc.ui.theme.shared@npm:9.3.6"
  dependencies:
    "@abp/aspnetcore.mvc.ui": "npm:~9.3.6"
    "@abp/bootstrap": "npm:~9.3.6"
    "@abp/bootstrap-datepicker": "npm:~9.3.6"
    "@abp/bootstrap-daterangepicker": "npm:~9.3.6"
    "@abp/datatables.net-bs5": "npm:~9.3.6"
    "@abp/font-awesome": "npm:~9.3.6"
    "@abp/jquery-form": "npm:~9.3.6"
    "@abp/jquery-validation-unobtrusive": "npm:~9.3.6"
    "@abp/lodash": "npm:~9.3.6"
    "@abp/luxon": "npm:~9.3.6"
    "@abp/malihu-custom-scrollbar-plugin": "npm:~9.3.6"
    "@abp/moment": "npm:~9.3.6"
    "@abp/select2": "npm:~9.3.6"
    "@abp/sweetalert2": "npm:~9.3.6"
    "@abp/timeago": "npm:~9.3.6"
  checksum: 10c0/cd505fbc255bcadad1097786da321a56ac2d859dd24066242131f97394fed28460462530ace08a8e1281953f2b43c76bb1258f85b95339c97e9c96036a93024f
  languageName: node
  linkType: hard

"@abp/aspnetcore.mvc.ui@npm:~9.3.6":
  version: 9.3.6
  resolution: "@abp/aspnetcore.mvc.ui@npm:9.3.6"
  dependencies:
    ansi-colors: "npm:^4.1.3"
  checksum: 10c0/4710e18e236b2a9a6ce7aafbc9f79b6ce20c2f49e677495d3d288f8e19a79a52eb11f188e1e6290d7cd92632cee347a1dbb23fac70642dba528e9365827151a5
  languageName: node
  linkType: hard

"@abp/bootstrap-datepicker@npm:~9.3.6":
  version: 9.3.6
  resolution: "@abp/bootstrap-datepicker@npm:9.3.6"
  dependencies:
    bootstrap-datepicker: "npm:^1.10.0"
  checksum: 10c0/7ccfbe6e2b77e67f0116289f68336cd7c8ea70b55b100368865723f8234fdad792b2b712f6e904d13aafa25027b6ea0f3778f83eb67402f19ab3900f28a29de1
  languageName: node
  linkType: hard

"@abp/bootstrap-daterangepicker@npm:~9.3.6":
  version: 9.3.6
  resolution: "@abp/bootstrap-daterangepicker@npm:9.3.6"
  dependencies:
    bootstrap-daterangepicker: "npm:^3.1.0"
  checksum: 10c0/0b4274e02522da58c868e308036151a720cf7a8f0e4ea06fcbee692e8fb8d59c8cad1e64a45b1144749036903e668043273d3c542dac46e1a12d0eb000b7a7e5
  languageName: node
  linkType: hard

"@abp/bootstrap@npm:~9.3.6":
  version: 9.3.6
  resolution: "@abp/bootstrap@npm:9.3.6"
  dependencies:
    "@abp/core": "npm:~9.3.6"
    bootstrap: "npm:^5.3.3"
  checksum: 10c0/ea910f1443dc795c71166f2998d0186bed59d23680ed02e54694627d85eaecc6a8293fd1df8a9cfa388f1e0c6d29aa1e9ab91529be92c61dd080036bf0b3a798
  languageName: node
  linkType: hard

"@abp/core@npm:~9.3.6":
  version: 9.3.6
  resolution: "@abp/core@npm:9.3.6"
  dependencies:
    "@abp/utils": "npm:~9.3.6"
  checksum: 10c0/f789ff2d550fabd319ca04360b1b5011644618fc89da71fd7ff628b40fb496b81ff86d90d6d9a10b778f98b56b251aad1c63cab613f3fbe18949bc52b607fdca
  languageName: node
  linkType: hard

"@abp/datatables.net-bs5@npm:~9.3.6":
  version: 9.3.6
  resolution: "@abp/datatables.net-bs5@npm:9.3.6"
  dependencies:
    "@abp/datatables.net": "npm:~9.3.6"
    datatables.net-bs5: "npm:^2.1.8"
  checksum: 10c0/1bd2c1a418be88ace669df098d1f348a1fd3ec1216f1a8587f236f93a73809c0ea25d68d251422f9c0a2a642d9853b1789760244e229b921ae8e6d554ba1b81c
  languageName: node
  linkType: hard

"@abp/datatables.net@npm:~9.3.6":
  version: 9.3.6
  resolution: "@abp/datatables.net@npm:9.3.6"
  dependencies:
    "@abp/jquery": "npm:~9.3.6"
    datatables.net: "npm:^2.1.8"
  checksum: 10c0/2e79dab6eea080fe141085e06e6898f89285578bfd82e950db4202451937365761895f513a7c0a5c9a035021010ca1cb21b2b0f3dfc9dcf60fd0f4651d47f8aa
  languageName: node
  linkType: hard

"@abp/font-awesome@npm:~9.3.6":
  version: 9.3.6
  resolution: "@abp/font-awesome@npm:9.3.6"
  dependencies:
    "@abp/core": "npm:~9.3.6"
    "@fortawesome/fontawesome-free": "npm:^6.6.0"
  checksum: 10c0/625a698b80b58b692443a44a6814d280bf72fc4b318e08b0aceae7b1ef8fcc89840bcd1396ee75183e2607422bb1de98a4eba3e8c5ef4af8bc83f525790205f5
  languageName: node
  linkType: hard

"@abp/jquery-form@npm:~9.3.6":
  version: 9.3.6
  resolution: "@abp/jquery-form@npm:9.3.6"
  dependencies:
    "@abp/jquery": "npm:~9.3.6"
    jquery-form: "npm:^4.3.0"
  checksum: 10c0/835ac5df4a057104ad3a04afd846f62d826bf11c1a9bae19d6b1c3916f9dfe0b270871bd6a23aa18fdac500fea052672920151aa235851054e03d72094791c05
  languageName: node
  linkType: hard

"@abp/jquery-validation-unobtrusive@npm:~9.3.6":
  version: 9.3.6
  resolution: "@abp/jquery-validation-unobtrusive@npm:9.3.6"
  dependencies:
    "@abp/jquery-validation": "npm:~9.3.6"
    jquery-validation-unobtrusive: "npm:^4.0.0"
  checksum: 10c0/09510f99f584ffefa1bfe5231ee7e9eb69fb4c16dc458fad9b5b13377ca7676dad559cade29b636eea28a88f2589e6d705d9e8b4d9d5b68877ee46ba83ff741e
  languageName: node
  linkType: hard

"@abp/jquery-validation@npm:~9.3.6":
  version: 9.3.6
  resolution: "@abp/jquery-validation@npm:9.3.6"
  dependencies:
    "@abp/jquery": "npm:~9.3.6"
    jquery-validation: "npm:^1.21.0"
  checksum: 10c0/6f43f52c738b820a5beab6ec0bba0aaefc2348ba37235e858dc716fc2ba4375840a70834c79c07bdb9ee64f09fe50ab1e8b15f311b9d8e2965beac8eb4403645
  languageName: node
  linkType: hard

"@abp/jquery@npm:~9.3.6":
  version: 9.3.6
  resolution: "@abp/jquery@npm:9.3.6"
  dependencies:
    "@abp/core": "npm:~9.3.6"
    jquery: "npm:~3.7.1"
  checksum: 10c0/da1ae1165a57897c16ba28dc3e652ab1512a8f57821f1f8ca5c1477c9b88225a950dc8057a4b6ac6d7bff790253e0bb1395dc8651013223a62f38d5f14c16be8
  languageName: node
  linkType: hard

"@abp/lodash@npm:~9.3.6":
  version: 9.3.6
  resolution: "@abp/lodash@npm:9.3.6"
  dependencies:
    "@abp/core": "npm:~9.3.6"
    lodash: "npm:^4.17.21"
  checksum: 10c0/9a3328d6baad4d66f43645e18645c79d3b8aa42a528287c3c3acef185f5fbb84d58ed0ae19130d19dd675042921f626c6c59d72873f06d11dec23236b61f98f9
  languageName: node
  linkType: hard

"@abp/luxon@npm:~9.3.6":
  version: 9.3.6
  resolution: "@abp/luxon@npm:9.3.6"
  dependencies:
    "@abp/core": "npm:~9.3.6"
    luxon: "npm:^3.5.0"
  checksum: 10c0/66184b5cb47cb47dce21c6e59d0f565b5d9ae4c4cff63eea44e670907c2e1ae16ff83c3ab446cab0b90e9a083daeb955303af71bf6e1fe3a4f26747cb6ee077b
  languageName: node
  linkType: hard

"@abp/malihu-custom-scrollbar-plugin@npm:~9.3.6":
  version: 9.3.6
  resolution: "@abp/malihu-custom-scrollbar-plugin@npm:9.3.6"
  dependencies:
    "@abp/core": "npm:~9.3.6"
    malihu-custom-scrollbar-plugin: "npm:^3.1.5"
  checksum: 10c0/8324f94282d52d40982bc33d1c50c69acbe271bcd46848b4198e2ea5dd4bb08e573fe7d42eb4b5bfaa56afb8a6059be4369c1aec57d1177047d8c8068e7fe46c
  languageName: node
  linkType: hard

"@abp/moment@npm:~9.3.6":
  version: 9.3.6
  resolution: "@abp/moment@npm:9.3.6"
  dependencies:
    moment: "npm:^2.30.1"
  checksum: 10c0/3880742d5043c6d046da7d5315549fbd18a71079462528ea9000e86af63d4b6968bd374a17836a1659e611788b8c74092b7d7537b4b05084307cac8467519e4e
  languageName: node
  linkType: hard

"@abp/select2@npm:~9.3.6":
  version: 9.3.6
  resolution: "@abp/select2@npm:9.3.6"
  dependencies:
    "@abp/core": "npm:~9.3.6"
    select2: "npm:^4.0.13"
  checksum: 10c0/980a00c0b3f1f296b4248a6f104f50e02633b4fb30de438b12eb508b6a71aba7f37a5b7bc680a24e181e98c222c91ab790f6934f36e285b0920182b0c67103e3
  languageName: node
  linkType: hard

"@abp/sweetalert2@npm:~9.3.6":
  version: 9.3.6
  resolution: "@abp/sweetalert2@npm:9.3.6"
  dependencies:
    "@abp/core": "npm:~9.3.6"
    sweetalert2: "npm:^11.14.1"
  checksum: 10c0/ccca6e9517f155b39f442cfd429ea787c2dc2a1dad5c2e337af2bcc0dad575562def67bea5f107a8c64c871b475116e5ad55780967ac5f3d6a3c7bf72271588f
  languageName: node
  linkType: hard

"@abp/timeago@npm:~9.3.6":
  version: 9.3.6
  resolution: "@abp/timeago@npm:9.3.6"
  dependencies:
    "@abp/jquery": "npm:~9.3.6"
    timeago: "npm:^1.6.7"
  checksum: 10c0/5e16a3f1a1b261dca31e31991772f3e43d762da2b355eb0029952f0c2e033ea249b8715b2dba9786f99d03fa6d8cd910e3641b7398d5af773197b44e099a536e
  languageName: node
  linkType: hard

"@abp/utils@npm:~9.3.6":
  version: 9.3.6
  resolution: "@abp/utils@npm:9.3.6"
  dependencies:
    just-compare: "npm:^2.3.0"
  checksum: 10c0/4c89434a8ef525ba3ca7f0fd7b585a061047306f4bf6316ec38cdddda6cbbe796401c3b358aa2218bdd28d41d06e39b246187ffd9f57c8408372600b05ef76c0
  languageName: node
  linkType: hard

"@fortawesome/fontawesome-free@npm:^6.6.0":
  version: 6.7.2
  resolution: "@fortawesome/fontawesome-free@npm:6.7.2"
  checksum: 10c0/e27fb8b846f0bcf40c904acc210829a640329fc7b7ec4e42a7c43cb53739ed6052d78df90810f555a5c80bc608fee5a5174db3fa6da617f582d6210009a19278
  languageName: node
  linkType: hard

"ansi-colors@npm:^4.1.3":
  version: 4.1.3
  resolution: "ansi-colors@npm:4.1.3"
  checksum: 10c0/ec87a2f59902f74e61eada7f6e6fe20094a628dab765cfdbd03c3477599368768cffccdb5d3bb19a1b6c99126783a143b1fee31aab729b31ffe5836c7e5e28b9
  languageName: node
  linkType: hard

"bootstrap-datepicker@npm:^1.10.0":
  version: 1.10.1
  resolution: "bootstrap-datepicker@npm:1.10.1"
  dependencies:
    jquery: "npm:>=3.4.0 <4.0.0"
  checksum: 10c0/bad08e373b70040f4a62003b46dde2e5bd4a7b73aeffb1d504c0a1736b6beaccf56b908d565980491c7f4329377af8c4cfb7bff9c38480ea689210c7c308dc7d
  languageName: node
  linkType: hard

"bootstrap-daterangepicker@npm:^3.1.0":
  version: 3.1.0
  resolution: "bootstrap-daterangepicker@npm:3.1.0"
  dependencies:
    jquery: "npm:>=1.10"
    moment: "npm:^2.9.0"
  checksum: 10c0/ab54b5247df355d85d478c8a7e0f5cb299d0064a14722d4311d7147bc72a06c4391752f3b49a2ae0c1ff861c563d17a99042cf7b6056a2ad5986f30c8c85623e
  languageName: node
  linkType: hard

"bootstrap@npm:^5.3.3":
  version: 5.3.8
  resolution: "bootstrap@npm:5.3.8"
  peerDependencies:
    "@popperjs/core": ^2.11.8
  checksum: 10c0/0039a9df2c3e7bfa04f1abca199c299ff3b75869d578c0cb1721c6f1f203c91531788a5631ecbee01513481979314d0e4ba0d90c2011e6ce18fc2e0bc93e18d9
  languageName: node
  linkType: hard

"datatables.net-bs5@npm:^2.1.8":
  version: 2.3.4
  resolution: "datatables.net-bs5@npm:2.3.4"
  dependencies:
    datatables.net: "npm:2.3.4"
    jquery: "npm:>=1.7"
  checksum: 10c0/27dab5a78fd98aed45fadd40f2b5da551663a8292cdc90384135dfdf99cb1397758b54b0d1934389fb04768fa00ca66be4cc1aca079c3bb13f6265b3c91716fa
  languageName: node
  linkType: hard

"datatables.net@npm:2.3.4, datatables.net@npm:^2.1.8":
  version: 2.3.4
  resolution: "datatables.net@npm:2.3.4"
  dependencies:
    jquery: "npm:>=1.7"
  checksum: 10c0/8683653cf1aacb50cc637c799f73bc91e477ccbf49ec99859e991034ba43c8e01b9c5a245fadcb0d10cbba9dca69989a5a36e886212fb4c62d53cd6e38081287
  languageName: node
  linkType: hard

"jquery-form@npm:^4.3.0":
  version: 4.3.0
  resolution: "jquery-form@npm:4.3.0"
  dependencies:
    jquery: "npm:>=1.7.2"
  checksum: 10c0/69bc684a612978a47d83a8f6b54f4a288a90e4142201233d4b15449251c365dd0e2b30fa042c4209097d1d5eb8fd72cb7facf92384f8aa39650fa9eed2d10c28
  languageName: node
  linkType: hard

"jquery-mousewheel@npm:>=3.0.6":
  version: 3.2.2
  resolution: "jquery-mousewheel@npm:3.2.2"
  dependencies:
    jquery: "npm:>=1.2.6"
  checksum: 10c0/a8b45ae7759ce14134284cb6a2f2446f16d43325550c2e25653de572ca3e197b471b8322afb11ec114ab3b0f26b7072a7b47de7ed6617e9417328a94eac30740
  languageName: node
  linkType: hard

"jquery-validation-unobtrusive@npm:^4.0.0":
  version: 4.0.0
  resolution: "jquery-validation-unobtrusive@npm:4.0.0"
  dependencies:
    jquery: "npm:^3.6.0"
    jquery-validation: "npm:>=1.19"
  checksum: 10c0/17d28abec3759c1b615bfd6aaa87fea8ac2bea5c925fc1cab90da3e9c76d9feb29740877936ef41ed073eecc4f3a1a6b415f29cd00605fa02deb77427395646e
  languageName: node
  linkType: hard

"jquery-validation@npm:>=1.19, jquery-validation@npm:^1.21.0":
  version: 1.21.0
  resolution: "jquery-validation@npm:1.21.0"
  peerDependencies:
    jquery: ^1.7 || ^2.0 || ^3.1
  checksum: 10c0/b5e51fc037f79779f38bbc74dab9d1568d9f7821128aff6dcfeb12b39f0dea79f763516dc3e05b45fc9a2e9282037b08eccad0eef29fc3a23a0211454ab0f0e5
  languageName: node
  linkType: hard

"jquery@npm:>=1.10, jquery@npm:>=1.2.6, jquery@npm:>=1.5.0 <4.0, jquery@npm:>=1.7, jquery@npm:>=1.7.2, jquery@npm:>=3.4.0 <4.0.0, jquery@npm:^3.6.0, jquery@npm:~3.7.1":
  version: 3.7.1
  resolution: "jquery@npm:3.7.1"
  checksum: 10c0/808cfbfb758438560224bf26e17fcd5afc7419170230c810dd11f5c1792e2263e2970cca8d659eb84fcd9acc301edb6d310096e450277d54be4f57071b0c82d9
  languageName: node
  linkType: hard

"just-compare@npm:^2.3.0":
  version: 2.3.0
  resolution: "just-compare@npm:2.3.0"
  checksum: 10c0/f99853b608c06bc36f3727220b159626a16c4ac890216725db83dd06d99d6cd1d5e8c3a2ab02072a39350f44d07745c14918be0db4aff74b744ed787712adeec
  languageName: node
  linkType: hard

"lodash@npm:^4.17.21":
  version: 4.17.21
  resolution: "lodash@npm:4.17.21"
  checksum: 10c0/d8cbea072bb08655bb4c989da418994b073a608dffa608b09ac04b43a791b12aeae7cd7ad919aa4c925f33b48490b5cfe6c1f71d827956071dae2e7bb3a6b74c
  languageName: node
  linkType: hard

"luxon@npm:^3.5.0":
  version: 3.7.2
  resolution: "luxon@npm:3.7.2"
  checksum: 10c0/ed8f0f637826c08c343a29dd478b00628be93bba6f068417b1d8896b61cb61c6deacbe1df1e057dbd9298334044afa150f9aaabbeb3181418ac8520acfdc2ae2
  languageName: node
  linkType: hard

"malihu-custom-scrollbar-plugin@npm:^3.1.5":
  version: 3.1.5
  resolution: "malihu-custom-scrollbar-plugin@npm:3.1.5"
  dependencies:
    jquery-mousewheel: "npm:>=3.0.6"
  checksum: 10c0/f0eeb2cf7c53dfe3c02c11e9dc7ca0221101050beaca6b779c07bde2381bd599f0084158a2188c91dc8a2dd7eb9450db5af5063dbb31d65a0deefa29a1c9df99
  languageName: node
  linkType: hard

"moment@npm:^2.30.1, moment@npm:^2.9.0":
  version: 2.30.1
  resolution: "moment@npm:2.30.1"
  checksum: 10c0/865e4279418c6de666fca7786607705fd0189d8a7b7624e2e56be99290ac846f90878a6f602e34b4e0455c549b85385b1baf9966845962b313699e7cb847543a
  languageName: node
  linkType: hard

"my-app@workspace:.":
  version: 0.0.0-use.local
  resolution: "my-app@workspace:."
  dependencies:
    "@abp/aspnetcore.mvc.ui.theme.leptonxlite": "npm:~4.3.6"
  languageName: unknown
  linkType: soft

"select2@npm:^4.0.13":
  version: 4.0.13
  resolution: "select2@npm:4.0.13"
  checksum: 10c0/a393866565a5f878ca21276ed32793595851debb35ff48a8c368640e732619349f547d335b438b45ff5647145eb6c5af868cd5153740de58306a2dca2498550f
  languageName: node
  linkType: hard

"sweetalert2@npm:^11.14.1":
  version: 11.26.3
  resolution: "sweetalert2@npm:11.26.3"
  checksum: 10c0/cd7ab9f8800ffc75ec58fd5a103c57c4a2b1a3ac270631790bdda0610f908f790eac13efd85d7faec019eb99e65992cc893fc23290cd196f6c2f0162debcfe4c
  languageName: node
  linkType: hard

"timeago@npm:^1.6.7":
  version: 1.6.7
  resolution: "timeago@npm:1.6.7"
  dependencies:
    jquery: "npm:>=1.5.0 <4.0"
  checksum: 10c0/e5337d3d071590d4c75a101d50b2651153f5a25212e4c37476533f8cd4bc014fb335934b4290deef06842bf3df14181e83a81e099038efc535d59d191abac2c6
  languageName: node
  linkType: hard
